{
    "_readme": [
        "This file locks the dependencies of your project to a known state",
        "Read more about it at https://getcomposer.org/doc/01-basic-usage.md#composer-lock-the-lock-file",
        "This file is @generated automatically"
    ],
    "hash": "3450f30bf3300b438a30a86ec84940c6",
    "content-hash": "02dd49583b88e6613073075181713527",
    "packages": [
        {
            "name": "launchdarkly/launchdarkly-php",
            "version": "1.0.0",
            "source": {
                "type": "git",
                "url": "https://github.com/launchdarkly/php-client.git",
                "reference": "a02ebff333d0c301baf3c6413b25652b39bfbb71"
            },
            "dist": {
                "type": "zip",
                "url": "https://api.github.com/repos/launchdarkly/php-client/zipball/a02ebff333d0c301baf3c6413b25652b39bfbb71",
                "reference": "a02ebff333d0c301baf3c6413b25652b39bfbb71",
                "shasum": ""
            },
            "require": {
                "php": ">=5.5"
            },
            "require-dev": {
                "guzzlehttp/guzzle": "6.2.1",
                "kevinrob/guzzle-cache-middleware": "1.4.1",
                "phpdocumentor/phpdocumentor": "2.*",
                "phpunit/phpunit": "4.8.26",
                "predis/predis": "1.0.*",
                "zendframework/zend-serializer": "2.7.*"
            },
            "type": "library",
            "autoload": {
                "psr-4": {
                    "": "src/"
                }
            },
            "notification-url": "https://packagist.org/downloads/",
            "license": [
                "Apache-2.0"
            ],
            "authors": [
                {
                    "name": "LaunchDarkly <team@launchdarkly.com>",
                    "homepage": "http://launchdarkly.com/"
                }
            ],
            "description": "Official LaunchDarkly SDK for PHP",
            "homepage": "https://github.com/launchdarkly/php-client",
            "keywords": [
                "launchdarkly",
                "launchdarkly php"
            ],
            "time": "2016-07-25 16:40:59"
        }
    ],
    "packages-dev": [],
    "aliases": [],
    "minimum-stability": "stable",
    "stability-flags": [],
    "prefer-stable": false,
    "prefer-lowest": false,
    "platform": [],
    "platform-dev": []
}
